
Microsoft Visual Studio Solution File, Format Version 12.00
# Visual Studio 14
VisualStudioVersion = 14.0.25420.1
MinimumVisualStudioVersion = 10.0.40219.1
Project("{2150E333-8FDC-42A3-9474-1A3956D46DE8}") = "src", "src", "{4B6ED77E-8D59-4DC3-9EA1-B75B81C6720E}"
EndProject
Project("{2150E333-8FDC-42A3-9474-1A3956D46DE8}") = "Solution Items", "Solution Items", "{5C60EC1B-A748-4493-A2EB-76378AE8AD82}"
	ProjectSection(SolutionItems) = preProject
		global.json = global.json
	EndProjectSection
EndProject
Project("{8BB2217D-0F2D-49D1-97BC-3654ED321F3B}") = "TagHelpersBuiltInAspNetCore", "src\TagHelpersBuiltInAspNetCore\TagHelpersBuiltInAspNetCore.xproj", "{1830B28A-9B83-4220-B59B-9EE27650BFF8}"
EndProject
Global
	GlobalSection(SolutionConfigurationPlatforms) = preSolution
		Debug|Any CPU = Debug|Any CPU
		Release|Any CPU = Release|Any CPU
	EndGlobalSection
	GlobalSection(ProjectConfigurationPlatforms) = postSolution
		{1830B28A-9B83-4220-B59B-9EE27650BFF8}.Debug|Any CPU.ActiveCfg = Debug|Any CPU
		{1830B28A-9B83-4220-B59B-9EE27650BFF8}.Debug|Any CPU.Build.0 = Debug|Any CPU
		{1830B28A-9B83-4220-B59B-9EE27650BFF8}.Release|Any CPU.ActiveCfg = Release|Any CPU
		{1830B28A-9B83-4220-B59B-9EE27650BFF8}.Release|Any CPU.Build.0 = Release|Any CPU
	EndGlobalSection
	GlobalSection(SolutionProperties) = preSolution
		HideSolutionNode = FALSE
	EndGlobalSection
	GlobalSection(NestedProjects) = preSolution
		{1830B28A-9B83-4220-B59B-9EE27650BFF8} = {4B6ED77E-8D59-4DC3-9EA1-B75B81C6720E}
	EndGlobalSection
EndGlobal
